
Microsoft Visual Studio Solution File, Format Version 12.00
# Visual Studio Version 16
VisualStudioVersion = 16.0.31019.35
MinimumVisualStudioVersion = 10.0.40219.1
Project("{FAE04EC0-301F-11D3-BF4B-00C04F79EFBC}") = "MultiplyMatrix", "MultiplyMatrix.csproj", "{45740A07-E760-4D27-AB30-5D3EB1BFA78F}"
EndProject
Global
	GlobalSection(SolutionConfigurationPlatforms) = preSolution
		Debug|Any CPU = Debug|Any CPU
		Release|Any CPU = Release|Any CPU
	EndGlobalSection
	GlobalSection(ProjectConfigurationPlatforms) = postSolution
		{45740A07-E760-4D27-AB30-5D3EB1BFA78F}.Debug|Any CPU.ActiveCfg = Debug|Any CPU
		{45740A07-E760-4D27-AB30-5D3EB1BFA78F}.Debug|Any CPU.Build.0 = Debug|Any CPU
		{45740A07-E760-4D27-AB30-5D3EB1BFA78F}.Release|Any CPU.ActiveCfg = Release|Any CPU
		{45740A07-E760-4D27-AB30-5D3EB1BFA78F}.Release|Any CPU.Build.0 = Release|Any CPU
	EndGlobalSection
	GlobalSection(SolutionProperties) = preSolution
		HideSolutionNode = FALSE
	EndGlobalSection
	GlobalSection(ExtensibilityGlobals) = postSolution
		SolutionGuid = {A7627B00-D5EA-45CB-A9FF-7DE8914B901F}
	EndGlobalSection
EndGlobal
